# This file is autogenerated, do not edit; changes may be undone by the next 'dep ensure'.


[[projects]]
  digest = "1:5c3894b2aa4d6bead0ceeea6831b305d62879c871780e7b76296ded1b004bc57"
  name = "cloud.google.com/go"
  packages = ["compute/metadata"]
  pruneopts = "UT"
  revision = "97efc2c9ffd9fe8ef47f7f3203dc60bbca547374"
  version = "v0.28.0"

[[projects]]
  digest = "1:89d58c93fd47b7b56743169c2aee09669c5563a1e12b4280dfb52c47e3fb4b42"
  name = "github.com/davecgh/go-spew"
  packages = ["spew"]
  pruneopts = "UT"
  revision = "fc32781af5e85e548d3f1abaf0fa3dbe8a72495c"

[[projects]]
  branch = "master"
  digest = "1:40f914e5f3d5f9232a9471ca75d09b57a26bb07aee4ac3f88b24613fefce60e7"
  name = "github.com/dotabuff/manta"
  packages = [
    ".",
    "dota",
  ]
  pruneopts = "UT"
  revision = "adf25d64d83ca51a95cb638e3a27856d736b4baf"

[[projects]]
  digest = "1:22db851cf0dc59ea425173e417fd7849bef4d5fe68db1374d1779df84d13fd2a"
  name = "github.com/golang/protobuf"
  packages = [
    "proto",
    "protoc-gen-go/descriptor",
  ]
  pruneopts = "UT"
  revision = "1325a051a2753cd67556b182843b1b693d0854cd"

[[projects]]
  digest = "1:8e05aaa312acbe9261149ba847ab429ee6d7685d81cc9269755ca8c72170633b"
  name = "github.com/golang/snappy"
  packages = ["."]
  pruneopts = "UT"
  revision = "5979233c5d6225d4a8e438cdd0b411888449ddab"

[[projects]]
  digest = "1:d867dfa6751c8d7a435821ad3b736310c2ed68945d05b50fb9d23aee0540c8cc"
  name = "github.com/sirupsen/logrus"
  packages = ["."]
  pruneopts = "UT"
  revision = "3e01752db0189b9157070a0e1668a620f9a85da2"
  version = "v1.0.6"

[[projects]]
  branch = "master"
  digest = "1:3f3a05ae0b95893d90b9b3b5afdb79a9b3d96e4e36e099d841ae602e4aca0da8"
  name = "golang.org/x/crypto"
  packages = ["ssh/terminal"]
  pruneopts = "UT"
  revision = "0e37d006457bf46f9e6692014ba72ef82c33022c"

[[projects]]
  branch = "master"
  digest = "1:d6b719875cf8091fbab38527d81d34e71f4521b9ee9ccfbd4a32cff2ac5af96e"
  name = "golang.org/x/net"
  packages = [
    "context",
    "context/ctxhttp",
  ]
  pruneopts = "UT"
  revision = "26e67e76b6c3f6ce91f7c52def5af501b4e0f3a2"

[[projects]]
  branch = "master"
  digest = "1:f645667d687fc8bf228865a2c5455824ef05bad08841e673673ef2bb89ac5b90"
  name = "golang.org/x/oauth2"
  packages = [
    ".",
    "google",
    "internal",
    "jws",
    "jwt",
  ]
  pruneopts = "UT"
  revision = "d2e6202438beef2727060aa7cabdd924d92ebfd9"

[[projects]]
  branch = "master"
  digest = "1:49edbccdd6fb213dcf45486b0c939b788740451e5f2ff77aa42ca742d10da449"
  name = "golang.org/x/sys"
  packages = [
    "unix",
    "windows",
  ]
  pruneopts = "UT"
  revision = "1561086e645b2809fb9f8a1e2a38160bf8d53bf4"

[[projects]]
  digest = "1:193950893ea275f89ed92e5da11ed8fa1436872f755a9ea5d4afa83dc9d9c3a8"
  name = "google.golang.org/appengine"
  packages = [
    ".",
    "internal",
    "internal/app_identity",
    "internal/base",
    "internal/datastore",
    "internal/log",
    "internal/modules",
    "internal/remote_api",
    "internal/urlfetch",
    "urlfetch",
  ]
  pruneopts = "UT"
  revision = "ae0ab99deb4dc413a2b4bd6c8bdd0eb67f1e4d06"
  version = "v1.2.0"

[[projects]]
  branch = "v2"
  digest = "1:687bb7aff7267d0a8c65b13b696a835b2f83a09153f79df533546dfd9fdf877b"
  name = "gopkg.in/Iwark/spreadsheet.v2"
  packages = ["."]
  pruneopts = "UT"
  revision = "a8f45049dd2750d774d9db704731b0ebde258a80"

[solve-meta]
  analyzer-name = "dep"
  analyzer-version = 1
  input-imports = [
    "github.com/dotabuff/manta",
    "github.com/dotabuff/manta/dota",
    "github.com/sirupsen/logrus",
    "gopkg.in/Iwark/spreadsheet.v2",
  ]
  solver-name = "gps-cdcl"
  solver-version = 1
